
Microsoft Visual Studio Solution File, Format Version 12.00
# Visual Studio Version 17
VisualStudioVersion = 17.3.32929.385
MinimumVisualStudioVersion = 10.0.40219.1
Project("{9A19103F-16F7-4668-BE54-9A1E7A4F7556}") = "DDDValidationsDemo.API", "DDDValidationsDemo.API\DDDValidationsDemo.API.csproj", "{EB4648BB-AA37-4B67-9A67-E3CE61B14698}"
EndProject
Project("{9A19103F-16F7-4668-BE54-9A1E7A4F7556}") = "DDDValidationsDemo.Domain", "DDDValidationsDemo.Domain\DDDValidationsDemo.Domain.csproj", "{DF449D05-27A9-4168-B732-8D5D1D373F05}"
EndProject
Project("{FAE04EC0-301F-11D3-BF4B-00C04F79EFBC}") = "DDDValidationsDemo.App", "DDDValidationsDemo.App\DDDValidationsDemo.App.csproj", "{75942D0D-000E-4D82-B6E0-8917094C318A}"
EndProject
Project("{FAE04EC0-301F-11D3-BF4B-00C04F79EFBC}") = "DDDValidationsDemo.Db", "DDDValidationsDemo.Db\DDDValidationsDemo.Db.csproj", "{F1CC23AF-7D8F-4B3D-B3F1-690B127F6AC9}"
EndProject
Global
	GlobalSection(SolutionConfigurationPlatforms) = preSolution
		Debug|Any CPU = Debug|Any CPU
		Release|Any CPU = Release|Any CPU
	EndGlobalSection
	GlobalSection(ProjectConfigurationPlatforms) = postSolution
		{EB4648BB-AA37-4B67-9A67-E3CE61B14698}.Debug|Any CPU.ActiveCfg = Debug|Any CPU
		{EB4648BB-AA37-4B67-9A67-E3CE61B14698}.Debug|Any CPU.Build.0 = Debug|Any CPU
		{EB4648BB-AA37-4B67-9A67-E3CE61B14698}.Release|Any CPU.ActiveCfg = Release|Any CPU
		{EB4648BB-AA37-4B67-9A67-E3CE61B14698}.Release|Any CPU.Build.0 = Release|Any CPU
		{DF449D05-27A9-4168-B732-8D5D1D373F05}.Debug|Any CPU.ActiveCfg = Debug|Any CPU
		{DF449D05-27A9-4168-B732-8D5D1D373F05}.Debug|Any CPU.Build.0 = Debug|Any CPU
		{DF449D05-27A9-4168-B732-8D5D1D373F05}.Release|Any CPU.ActiveCfg = Release|Any CPU
		{DF449D05-27A9-4168-B732-8D5D1D373F05}.Release|Any CPU.Build.0 = Release|Any CPU
		{75942D0D-000E-4D82-B6E0-8917094C318A}.Debug|Any CPU.ActiveCfg = Debug|Any CPU
		{75942D0D-000E-4D82-B6E0-8917094C318A}.Debug|Any CPU.Build.0 = Debug|Any CPU
		{75942D0D-000E-4D82-B6E0-8917094C318A}.Release|Any CPU.ActiveCfg = Release|Any CPU
		{75942D0D-000E-4D82-B6E0-8917094C318A}.Release|Any CPU.Build.0 = Release|Any CPU
		{F1CC23AF-7D8F-4B3D-B3F1-690B127F6AC9}.Debug|Any CPU.ActiveCfg = Debug|Any CPU
		{F1CC23AF-7D8F-4B3D-B3F1-690B127F6AC9}.Debug|Any CPU.Build.0 = Debug|Any CPU
		{F1CC23AF-7D8F-4B3D-B3F1-690B127F6AC9}.Release|Any CPU.ActiveCfg = Release|Any CPU
		{F1CC23AF-7D8F-4B3D-B3F1-690B127F6AC9}.Release|Any CPU.Build.0 = Release|Any CPU
	EndGlobalSection
	GlobalSection(SolutionProperties) = preSolution
		HideSolutionNode = FALSE
	EndGlobalSection
	GlobalSection(ExtensibilityGlobals) = postSolution
		SolutionGuid = {EAF0708F-CF40-49E5-9A07-39CBB11D1091}
	EndGlobalSection
EndGlobal
